<?xml version="1.0" encoding="UTF-8"?>
<CONFIG>
  <ProjectOptions>
    <Version Value="12"/>
    <General>
      <MainUnit Value="0"/>
      <Title Value="MorseRunner contest session tests"/>
      <UseAppBundle Value="False"/>
      <ResourceType Value="res"/>
    </General>
    <BuildModes Count="1">
      <Item1 Name="Default" Default="True"/>
    </BuildModes>
    <Units Count="1">
      <Unit0>
        <Filename Value="ContestSessionTests.lpr"/>
        <IsPartOfProject Value="True"/>
      </Unit0>
    </Units>
  </ProjectOptions>
  <CompilerOptions>
    <Version Value="11"/>
    <Target>
      <Filename Value="../build/bin/contest-session-tests"/>
    </Target>
    <SearchPaths>
      <OtherUnitFiles Value="../src/core"/>
      <UnitOutputDirectory Value="../build/units"/>
    </SearchPaths>
    <Parsing>
      <SyntaxOptions>
        <SyntaxMode Value="Delphi"/>
      </SyntaxOptions>
    </Parsing>
  </CompilerOptions>
</CONFIG>
